<?xml version="1.0" encoding="utf-8"?>
<Project ToolsVersion="4.0" xmlns="http://schemas.microsoft.com/developer/msbuild/2003">
  <ItemGroup>
    <Filter Include="Windows">
      <UniqueIdentifier>{d1274a4c-9eca-4ff3-a118-6615b6d6f2d6}</UniqueIdentifier>
    </Filter>
    <Filter Include="Windows\Header">
      <UniqueIdentifier>{382797f8-49e2-406c-8cbe-907642513593}</UniqueIdentifier>
    </Filter>
    <Filter Include="Windows\Resource">
      <UniqueIdentifier>{e8e49585-eba3-4387-aaad-4051ba979737}</UniqueIdentifier>
    </Filter>
    <Filter Include="Engine">
      <UniqueIdentifier>{782a622d-572d-4edd-aed5-4e14d0499246}</UniqueIdentifier>
    </Filter>
    <Filter Include="Engine\Camera">
      <UniqueIdentifier>{c64f4cb5-8b68-4fb8-90e3-ae37109a80b5}</UniqueIdentifier>
    </Filter>
    <Filter Include="Engine\CollisionManager">
      <UniqueIdentifier>{6a5be019-f0b6-4057-9c67-e826c3785097}</UniqueIdentifier>
    </Filter>
    <Filter Include="Engine\Component">
      <UniqueIdentifier>{79c57d5e-db2c-4d61-9a9e-e829717914b2}</UniqueIdentifier>
    </Filter>
    <Filter Include="Engine\Entity">
      <UniqueIdentifier>{4763c1f7-9c65-43a5-8999-c368ac39b4c3}</UniqueIdentifier>
    </Filter>
    <Filter Include="Engine\GameObject">
      <UniqueIdentifier>{39d6c7a0-c182-4ab3-b1ef-0e7c6d904070}</UniqueIdentifier>
    </Filter>
    <Filter Include="Engine\Graphics">
      <UniqueIdentifier>{3ffe2111-435f-498f-9835-1e7ed7926100}</UniqueIdentifier>
    </Filter>
    <Filter Include="Engine\High Level Interface">
      <UniqueIdentifier>{7cd58170-54f7-4726-b9fe-a70700f7a618}</UniqueIdentifier>
    </Filter>
    <Filter Include="Engine\Input">
      <UniqueIdentifier>{c126f134-0863-45b6-8d53-e23cc58f79a9}</UniqueIdentifier>
    </Filter>
    <Filter Include="Engine\Layer">
      <UniqueIdentifier>{4c4c8e17-7040-4754-8259-39ad16e8c614}</UniqueIdentifier>
    </Filter>
    <Filter Include="Engine\Resource">
      <UniqueIdentifier>{9c56560e-9794-4307-a8e0-2952377b49aa}</UniqueIdentifier>
    </Filter>
    <Filter Include="Engine\Scene">
      <UniqueIdentifier>{03738154-a45f-4724-a29f-9c3cd0e0d7f8}</UniqueIdentifier>
    </Filter>
    <Filter Include="Engine\SceneManager">
      <UniqueIdentifier>{6dc99cc1-79f2-49d9-a69a-e5800f7c1770}</UniqueIdentifier>
    </Filter>
    <Filter Include="Contents">
      <UniqueIdentifier>{99bad574-0153-436c-b98d-4febd24b4709}</UniqueIdentifier>
    </Filter>
    <Filter Include="Contents\2.Scripts">
      <UniqueIdentifier>{f836dab1-06bb-4ad9-b0eb-33bb3874eef1}</UniqueIdentifier>
    </Filter>
    <Filter Include="Shader">
      <UniqueIdentifier>{ee6c69f0-bc78-4abc-8e29-1dde3d339bfd}</UniqueIdentifier>
    </Filter>
    <Filter Include="Shader\Pixel Shader">
      <UniqueIdentifier>{b602fae6-13ce-440f-b492-e73bcdc8fe7a}</UniqueIdentifier>
    </Filter>
    <Filter Include="Shader\Vertex Shader">
      <UniqueIdentifier>{1d69ee59-bc2c-477d-a9eb-8876883be6dd}</UniqueIdentifier>
    </Filter>
    <Filter Include="Contents\1.Scenes">
      <UniqueIdentifier>{753e9dc0-289a-4597-aa89-1e674bed9b93}</UniqueIdentifier>
    </Filter>
    <Filter Include="Engine\Common">
      <UniqueIdentifier>{d241bf4d-14b5-49f0-8b07-a3ac42fed14b}</UniqueIdentifier>
    </Filter>
    <Filter Include="Engine\Common\Time">
      <UniqueIdentifier>{0ead41b1-503d-44c4-a407-8896f680bd74}</UniqueIdentifier>
    </Filter>
    <Filter Include="Engine\Component\Collider">
      <UniqueIdentifier>{9e4d00eb-8968-4e11-be68-492207bcaa37}</UniqueIdentifier>
    </Filter>
    <Filter Include="Engine\Component\MeshRenderer">
      <UniqueIdentifier>{40d6bbe0-ca04-4f4a-b594-ec06859dde49}</UniqueIdentifier>
    </Filter>
    <Filter Include="Engine\Component\Rigidbody">
      <UniqueIdentifier>{a1ff7288-9b9a-409f-8c42-0331a77b8aaa}</UniqueIdentifier>
    </Filter>
    <Filter Include="Engine\Component\Scripts">
      <UniqueIdentifier>{71256512-76ac-406f-a71c-1a4fe7785771}</UniqueIdentifier>
    </Filter>
    <Filter Include="Engine\Component\Transform">
      <UniqueIdentifier>{02d7d93f-ab75-4600-9844-f8247c2c5f19}</UniqueIdentifier>
    </Filter>
    <Filter Include="Engine\Graphics\API">
      <UniqueIdentifier>{d18084c9-298a-4ac5-9b98-0fb8cbcb8abc}</UniqueIdentifier>
    </Filter>
    <Filter Include="Engine\Resource\Manager">
      <UniqueIdentifier>{dc7afe03-7b6c-452d-b407-6116f7e0fada}</UniqueIdentifier>
    </Filter>
    <Filter Include="Engine\Resource\Mesh">
      <UniqueIdentifier>{6acae367-5d4b-4244-94bd-aa38b570614d}</UniqueIdentifier>
    </Filter>
    <Filter Include="Engine\Resource\Shader">
      <UniqueIdentifier>{035aa5ce-e683-40d8-915c-f19be0103604}</UniqueIdentifier>
    </Filter>
    <Filter Include="Engine\Resource\Texture">
      <UniqueIdentifier>{b4a29f97-433c-4ff3-9f83-908a7c29fbca}</UniqueIdentifier>
    </Filter>
    <Filter Include="Contents\2.Scripts\Player">
      <UniqueIdentifier>{7f665650-5cb7-4602-ae39-09795da87e03}</UniqueIdentifier>
    </Filter>
    <Filter Include="Contents\2.Scripts\Ground">
      <UniqueIdentifier>{845a51a8-a600-472a-9a4e-a1c71639c116}</UniqueIdentifier>
    </Filter>
  </ItemGroup>
  <ItemGroup>
    <ClInclude Include="Client.h">
      <Filter>Windows\Header</Filter>
    </ClInclude>
    <ClInclude Include="framework.h">
      <Filter>Windows\Header</Filter>
    </ClInclude>
    <ClInclude Include="Resource.h">
      <Filter>Windows\Header</Filter>
    </ClInclude>
    <ClInclude Include="targetver.h">
      <Filter>Windows\Header</Filter>
    </ClInclude>
    <ClInclude Include="EHCamera.h">
      <Filter>Engine\Camera</Filter>
    </ClInclude>
    <ClInclude Include="EHCollisionManager.h">
      <Filter>Engine\CollisionManager</Filter>
    </ClInclude>
    <ClInclude Include="Commoninclude.h">
      <Filter>Engine\Common</Filter>
    </ClInclude>
    <ClInclude Include="EHMath.h">
      <Filter>Engine\Common</Filter>
    </ClInclude>
    <ClInclude Include="EHTime.h">
      <Filter>Engine\Common\Time</Filter>
    </ClInclude>
    <ClInclude Include="EHComponent.h">
      <Filter>Engine\Component</Filter>
    </ClInclude>
    <ClInclude Include="EHCollider.h">
      <Filter>Engine\Component\Collider</Filter>
    </ClInclude>
    <ClInclude Include="EHMeshRenderer.h">
      <Filter>Engine\Component\MeshRenderer</Filter>
    </ClInclude>
    <ClInclude Include="EHTransform.h">
      <Filter>Engine\Component\Transform</Filter>
    </ClInclude>
    <ClInclude Include="EHScript.h">
      <Filter>Engine\Component\Scripts</Filter>
    </ClInclude>
    <ClInclude Include="EHRigidbody.h">
      <Filter>Engine\Component\Rigidbody</Filter>
    </ClInclude>
    <ClInclude Include="EHEntity.h">
      <Filter>Engine\Entity</Filter>
    </ClInclude>
    <ClInclude Include="EHGameObject.h">
      <Filter>Engine\GameObject</Filter>
    </ClInclude>
    <ClInclude Include="EHObject.h">
      <Filter>Engine\GameObject</Filter>
    </ClInclude>
    <ClInclude Include="EHGraphicDevice.h">
      <Filter>Engine\Graphics\API</Filter>
    </ClInclude>
    <ClInclude Include="EHRenderer.h">
      <Filter>Engine\Graphics</Filter>
    </ClInclude>
    <ClInclude Include="EHApplication.h">
      <Filter>Engine\High Level Interface</Filter>
    </ClInclude>
    <ClInclude Include="EHInput.h">
      <Filter>Engine\Input</Filter>
    </ClInclude>
    <ClInclude Include="EHLayer.h">
      <Filter>Engine\Layer</Filter>
    </ClInclude>
    <ClInclude Include="EHResource.h">
      <Filter>Engine\Resource</Filter>
    </ClInclude>
    <ClInclude Include="EHResources.h">
      <Filter>Engine\Resource\Manager</Filter>
    </ClInclude>
    <ClInclude Include="EHMesh.h">
      <Filter>Engine\Resource\Mesh</Filter>
    </ClInclude>
    <ClInclude Include="EHTexture.h">
      <Filter>Engine\Resource\Texture</Filter>
    </ClInclude>
    <ClInclude Include="EHShader.h">
      <Filter>Engine\Resource\Shader</Filter>
    </ClInclude>
    <ClInclude Include="EHConstantBuffer.h">
      <Filter>Engine\Resource\Shader</Filter>
    </ClInclude>
    <ClInclude Include="EHScene.h">
      <Filter>Engine\Scene</Filter>
    </ClInclude>
    <ClInclude Include="EHSceneManager.h">
      <Filter>Engine\SceneManager</Filter>
    </ClInclude>
    <ClInclude Include="EHTestScene.h">
      <Filter>Contents\1.Scenes</Filter>
    </ClInclude>
    <ClInclude Include="EHPlayer.h">
      <Filter>Contents\2.Scripts\Player</Filter>
    </ClInclude>
    <ClInclude Include="EHGround.h">
      <Filter>Contents\2.Scripts\Ground</Filter>
    </ClInclude>
  </ItemGroup>
  <ItemGroup>
    <Image Include="Client.ico">
      <Filter>Windows\Resource</Filter>
    </Image>
    <Image Include="small.ico">
      <Filter>Windows\Resource</Filter>
    </Image>
  </ItemGroup>
  <ItemGroup>
    <ResourceCompile Include="Client.rc">
      <Filter>Windows\Resource</Filter>
    </ResourceCompile>
  </ItemGroup>
  <ItemGroup>
    <ClCompile Include="Client.cpp" />
    <ClCompile Include="EHCamera.cpp">
      <Filter>Engine\Camera</Filter>
    </ClCompile>
    <ClCompile Include="EHCollisionManager.cpp">
      <Filter>Engine\CollisionManager</Filter>
    </ClCompile>
    <ClCompile Include="EHTime.cpp">
      <Filter>Engine\Common\Time</Filter>
    </ClCompile>
    <ClCompile Include="EHComponent.cpp">
      <Filter>Engine\Component</Filter>
    </ClCompile>
    <ClCompile Include="EHCollider.cpp">
      <Filter>Engine\Component\Collider</Filter>
    </ClCompile>
    <ClCompile Include="EHMeshRenderer.cpp">
      <Filter>Engine\Component\MeshRenderer</Filter>
    </ClCompile>
    <ClCompile Include="EHTransform.cpp">
      <Filter>Engine\Component\Transform</Filter>
    </ClCompile>
    <ClCompile Include="EHScript.cpp">
      <Filter>Engine\Component\Scripts</Filter>
    </ClCompile>
    <ClCompile Include="EHRigidbody.cpp">
      <Filter>Engine\Component\Rigidbody</Filter>
    </ClCompile>
    <ClCompile Include="EHEntity.cpp">
      <Filter>Engine\Entity</Filter>
    </ClCompile>
    <ClCompile Include="EHGameObject.cpp">
      <Filter>Engine\GameObject</Filter>
    </ClCompile>
    <ClCompile Include="EHGraphicDevice.cpp">
      <Filter>Engine\Graphics\API</Filter>
    </ClCompile>
    <ClCompile Include="EHRenderer.cpp">
      <Filter>Engine\Graphics</Filter>
    </ClCompile>
    <ClCompile Include="EHApplication.cpp">
      <Filter>Engine\High Level Interface</Filter>
    </ClCompile>
    <ClCompile Include="EHInput.cpp">
      <Filter>Engine\Input</Filter>
    </ClCompile>
    <ClCompile Include="EHLayer.cpp">
      <Filter>Engine\Layer</Filter>
    </ClCompile>
    <ClCompile Include="EHResource.cpp">
      <Filter>Engine\Resource</Filter>
    </ClCompile>
    <ClCompile Include="EHResources.cpp">
      <Filter>Engine\Resource\Manager</Filter>
    </ClCompile>
    <ClCompile Include="EHMesh.cpp">
      <Filter>Engine\Resource\Mesh</Filter>
    </ClCompile>
    <ClCompile Include="EHTexture.cpp">
      <Filter>Engine\Resource\Texture</Filter>
    </ClCompile>
    <ClCompile Include="EHShader.cpp">
      <Filter>Engine\Resource\Shader</Filter>
    </ClCompile>
    <ClCompile Include="EHConstantBuffer.cpp">
      <Filter>Engine\Resource\Shader</Filter>
    </ClCompile>
    <ClCompile Include="EHScene.cpp">
      <Filter>Engine\Scene</Filter>
    </ClCompile>
    <ClCompile Include="EHSceneManager.cpp">
      <Filter>Engine\SceneManager</Filter>
    </ClCompile>
    <ClCompile Include="EHTestScene.cpp">
      <Filter>Contents\1.Scenes</Filter>
    </ClCompile>
    <ClCompile Include="EHPlayer.cpp">
      <Filter>Contents\2.Scripts\Player</Filter>
    </ClCompile>
    <ClCompile Include="EHGround.cpp">
      <Filter>Contents\2.Scripts\Ground</Filter>
    </ClCompile>
  </ItemGroup>
  <ItemGroup>
    <FxCompile Include="TrianglePS.hlsl">
      <Filter>Shader\Pixel Shader</Filter>
    </FxCompile>
    <FxCompile Include="TriangleVS.hlsl">
      <Filter>Shader\Vertex Shader</Filter>
    </FxCompile>
    <FxCompile Include="TexturePS.hlsl">
      <Filter>Shader\Pixel Shader</Filter>
    </FxCompile>
    <FxCompile Include="TextureVS.hlsl">
      <Filter>Shader\Vertex Shader</Filter>
    </FxCompile>
  </ItemGroup>
</Project>